
Microsoft Visual Studio Solution File, Format Version 12.00
# Visual Studio 15
VisualStudioVersion = 15.0.28307.271
MinimumVisualStudioVersion = 10.0.40219.1
Project("{888888A0-9F3D-457C-B088-3A5042F75D52}") = "AutoPost_VK", "AutoPost_VK.pyproj", "{893E0091-A5A5-459C-B63C-6273E9E568C7}"
EndProject
Global
	GlobalSection(SolutionConfigurationPlatforms) = preSolution
		Debug|Any CPU = Debug|Any CPU
		Release|Any CPU = Release|Any CPU
	EndGlobalSection
	GlobalSection(ProjectConfigurationPlatforms) = postSolution
		{893E0091-A5A5-459C-B63C-6273E9E568C7}.Debug|Any CPU.ActiveCfg = Debug|Any CPU
		{893E0091-A5A5-459C-B63C-6273E9E568C7}.Debug|Any CPU.Build.0 = Debug|Any CPU
		{893E0091-A5A5-459C-B63C-6273E9E568C7}.Release|Any CPU.ActiveCfg = Release|Any CPU
		{893E0091-A5A5-459C-B63C-6273E9E568C7}.Release|Any CPU.Build.0 = Release|Any CPU
	EndGlobalSection
	GlobalSection(SolutionProperties) = preSolution
		HideSolutionNode = FALSE
	EndGlobalSection
	GlobalSection(ExtensibilityGlobals) = postSolution
		SolutionGuid = {A8DAA0B4-47AE-4A9F-9C86-28E0EB7FF7DC}
	EndGlobalSection
EndGlobal
